// !$*UTF8*$!
{
	archiveVersion = 1;
	classes = {
	};
	objectVersion = 50;
	objects = {

/* Begin PBXBuildFile section */
		50124B760763F4B6ACC8002F /* Pods_Locate.framework in Frameworks */ = {isa = PBXBuildFile; fileRef = 8FCAFA190FEE2E3A4DE65213 /* Pods_Locate.framework */; };
		6177965B22F6485600FB578E /* AppDelegate.swift in Sources */ = {isa = PBXBuildFile; fileRef = 6177965A22F6485600FB578E /* AppDelegate.swift */; };
		6177965D22F6485600FB578E /* ViewController.swift in Sources */ = {isa = PBXBuildFile; fileRef = 6177965C22F6485600FB578E /* ViewController.swift */; };
		6177966022F6485600FB578E /* Main.storyboard in Resources */ = {isa = PBXBuildFile; fileRef = 6177965E22F6485600FB578E /* Main.storyboard */; };
		6177966222F6485900FB578E /* Assets.xcassets in Resources */ = {isa = PBXBuildFile; fileRef = 6177966122F6485900FB578E /* Assets.xcassets */; };
		6177966522F6485900FB578E /* LaunchScreen.storyboard in Resources */ = {isa = PBXBuildFile; fileRef = 6177966322F6485900FB578E /* LaunchScreen.storyboard */; };
		6177967022F6485900FB578E /* LocateTests.swift in Sources */ = {isa = PBXBuildFile; fileRef = 6177966F22F6485900FB578E /* LocateTests.swift */; };
		6177967B22F6485900FB578E /* LocateUITests.swift in Sources */ = {isa = PBXBuildFile; fileRef = 6177967A22F6485900FB578E /* LocateUITests.swift */; };
		6177968922F6538200FB578E /* GoogleService-Info.plist in Resources */ = {isa = PBXBuildFile; fileRef = 6177968822F6538200FB578E /* GoogleService-Info.plist */; };
		6177968B22F6546C00FB578E /* SignInViewController.swift in Sources */ = {isa = PBXBuildFile; fileRef = 6177968A22F6546C00FB578E /* SignInViewController.swift */; };
		6177968D22F6547B00FB578E /* SignUpViewController.swift in Sources */ = {isa = PBXBuildFile; fileRef = 6177968C22F6547B00FB578E /* SignUpViewController.swift */; };
		6177968F22F7A96100FB578E /* GlyphMenu.png in Resources */ = {isa = PBXBuildFile; fileRef = 6177968E22F7A96000FB578E /* GlyphMenu.png */; };
		6177969122F7A97400FB578E /* profile-img.jpg in Resources */ = {isa = PBXBuildFile; fileRef = 6177969022F7A97400FB578E /* profile-img.jpg */; };
		6177969322F7B1CE00FB578E /* SearchFriendsViewController.swift in Sources */ = {isa = PBXBuildFile; fileRef = 6177969222F7B1CE00FB578E /* SearchFriendsViewController.swift */; };
		61D1D70322FA2A5F00C87A53 /* RequestTableViewCell.swift in Sources */ = {isa = PBXBuildFile; fileRef = 61D1D70222FA2A5F00C87A53 /* RequestTableViewCell.swift */; };
		61D1D70522FA2A7200C87A53 /* RequestViewController.swift in Sources */ = {isa = PBXBuildFile; fileRef = 61D1D70422FA2A7200C87A53 /* RequestViewController.swift */; };
		61D1D70722FA400300C87A53 /* blueBell.jpg in Resources */ = {isa = PBXBuildFile; fileRef = 61D1D70622FA400300C87A53 /* blueBell.jpg */; };
		61D1D70922FA40E000C87A53 /* newNotification.png in Resources */ = {isa = PBXBuildFile; fileRef = 61D1D70822FA40E000C87A53 /* newNotification.png */; };
		61D1D70B22FA427500C87A53 /* notificationBell.png in Resources */ = {isa = PBXBuildFile; fileRef = 61D1D70A22FA427400C87A53 /* notificationBell.png */; };
		61D1D70D22FA4F3E00C87A53 /* appLogo.PNG in Resources */ = {isa = PBXBuildFile; fileRef = 61D1D70C22FA4F3E00C87A53 /* appLogo.PNG */; };
		83C50060E195A08E6A562966 /* Pods_LocateUITests.framework in Frameworks */ = {isa = PBXBuildFile; fileRef = 5C75D3F38FCD9A3A0F641093 /* Pods_LocateUITests.framework */; };
		BBBFDF0A374BA5057241CAE9 /* Pods_LocateTests.framework in Frameworks */ = {isa = PBXBuildFile; fileRef = 9CD8B3719C938E4D74F5FFD8 /* Pods_LocateTests.framework */; };
/* End PBXBuildFile section */

/* Begin PBXContainerItemProxy section */
		6177966C22F6485900FB578E /* PBXContainerItemProxy */ = {
			isa = PBXContainerItemProxy;
			containerPortal = 6177964F22F6485600FB578E /* Project object */;
			proxyType = 1;
			remoteGlobalIDString = 6177965622F6485600FB578E;
			remoteInfo = Locate;
		};
		6177967722F6485900FB578E /* PBXContainerItemProxy */ = {
			isa = PBXContainerItemProxy;
			containerPortal = 6177964F22F6485600FB578E /* Project object */;
			proxyType = 1;
			remoteGlobalIDString = 6177965622F6485600FB578E;
			remoteInfo = Locate;
		};
/* End PBXContainerItemProxy section */

/* Begin PBXFileReference section */
		15719AC3E1A41BC9B387D2AB /* Pods-LocateTests.debug.xcconfig */ = {isa = PBXFileReference; includeInIndex = 1; lastKnownFileType = text.xcconfig; name = "Pods-LocateTests.debug.xcconfig"; path = "Target Support Files/Pods-LocateTests/Pods-LocateTests.debug.xcconfig"; sourceTree = "<group>"; };
		1E637B5190132DCC94467489 /* Pods-LocateUITests.debug.xcconfig */ = {isa = PBXFileReference; includeInIndex = 1; lastKnownFileType = text.xcconfig; name = "Pods-LocateUITests.debug.xcconfig"; path = "Target Support Files/Pods-LocateUITests/Pods-LocateUITests.debug.xcconfig"; sourceTree = "<group>"; };
		2E753BDB3A198CD713DE9F8B /* Pods-LocateUITests.release.xcconfig */ = {isa = PBXFileReference; includeInIndex = 1; lastKnownFileType = text.xcconfig; name = "Pods-LocateUITests.release.xcconfig"; path = "Target Support Files/Pods-LocateUITests/Pods-LocateUITests.release.xcconfig"; sourceTree = "<group>"; };
		5C75D3F38FCD9A3A0F641093 /* Pods_LocateUITests.framework */ = {isa = PBXFileReference; explicitFileType = wrapper.framework; includeInIndex = 0; path = Pods_LocateUITests.framework; sourceTree = BUILT_PRODUCTS_DIR; };
		6177965722F6485600FB578E /* Locate.app */ = {isa = PBXFileReference; explicitFileType = wrapper.application; includeInIndex = 0; path = Locate.app; sourceTree = BUILT_PRODUCTS_DIR; };
		6177965A22F6485600FB578E /* AppDelegate.swift */ = {isa = PBXFileReference; lastKnownFileType = sourcecode.swift; path = AppDelegate.swift; sourceTree = "<group>"; };
		6177965C22F6485600FB578E /* ViewController.swift */ = {isa = PBXFileReference; lastKnownFileType = sourcecode.swift; path = ViewController.swift; sourceTree = "<group>"; };
		6177965F22F6485600FB578E /* Base */ = {isa = PBXFileReference; lastKnownFileType = file.storyboard; name = Base; path = Base.lproj/Main.storyboard; sourceTree = "<group>"; };
		6177966122F6485900FB578E /* Assets.xcassets */ = {isa = PBXFileReference; lastKnownFileType = folder.assetcatalog; path = Assets.xcassets; sourceTree = "<group>"; };
		6177966422F6485900FB578E /* Base */ = {isa = PBXFileReference; lastKnownFileType = file.storyboard; name = Base; path = Base.lproj/LaunchScreen.storyboard; sourceTree = "<group>"; };
		6177966622F6485900FB578E /* Info.plist */ = {isa = PBXFileReference; lastKnownFileType = text.plist.xml; path = Info.plist; sourceTree = "<group>"; };
		6177966B22F6485900FB578E /* LocateTests.xctest */ = {isa = PBXFileReference; explicitFileType = wrapper.cfbundle; includeInIndex = 0; path = LocateTests.xctest; sourceTree = BUILT_PRODUCTS_DIR; };
		6177966F22F6485900FB578E /* LocateTests.swift */ = {isa = PBXFileReference; lastKnownFileType = sourcecode.swift; path = LocateTests.swift; sourceTree = "<group>"; };
		6177967122F6485900FB578E /* Info.plist */ = {isa = PBXFileReference; lastKnownFileType = text.plist.xml; path = Info.plist; sourceTree = "<group>"; };
		6177967622F6485900FB578E /* LocateUITests.xctest */ = {isa = PBXFileReference; explicitFileType = wrapper.cfbundle; includeInIndex = 0; path = LocateUITests.xctest; sourceTree = BUILT_PRODUCTS_DIR; };
		6177967A22F6485900FB578E /* LocateUITests.swift */ = {isa = PBXFileReference; lastKnownFileType = sourcecode.swift; path = LocateUITests.swift; sourceTree = "<group>"; };
		6177967C22F6485900FB578E /* Info.plist */ = {isa = PBXFileReference; lastKnownFileType = text.plist.xml; path = Info.plist; sourceTree = "<group>"; };
		6177968822F6538200FB578E /* GoogleService-Info.plist */ = {isa = PBXFileReference; fileEncoding = 4; lastKnownFileType = text.plist.xml; path = "GoogleService-Info.plist"; sourceTree = "<group>"; };
		6177968A22F6546C00FB578E /* SignInViewController.swift */ = {isa = PBXFileReference; lastKnownFileType = sourcecode.swift; path = SignInViewController.swift; sourceTree = "<group>"; };
		6177968C22F6547B00FB578E /* SignUpViewController.swift */ = {isa = PBXFileReference; lastKnownFileType = sourcecode.swift; path = SignUpViewController.swift; sourceTree = "<group>"; };
		6177968E22F7A96000FB578E /* GlyphMenu.png */ = {isa = PBXFileReference; lastKnownFileType = image.png; path = GlyphMenu.png; sourceTree = "<group>"; };
		6177969022F7A97400FB578E /* profile-img.jpg */ = {isa = PBXFileReference; lastKnownFileType = image.jpeg; path = "profile-img.jpg"; sourceTree = "<group>"; };
		6177969222F7B1CE00FB578E /* SearchFriendsViewController.swift */ = {isa = PBXFileReference; lastKnownFileType = sourcecode.swift; path = SearchFriendsViewController.swift; sourceTree = "<group>"; };
		61D1D70222FA2A5F00C87A53 /* RequestTableViewCell.swift */ = {isa = PBXFileReference; lastKnownFileType = sourcecode.swift; path = RequestTableViewCell.swift; sourceTree = "<group>"; };
		61D1D70422FA2A7200C87A53 /* RequestViewController.swift */ = {isa = PBXFileReference; lastKnownFileType = sourcecode.swift; path = RequestViewController.swift; sourceTree = "<group>"; };
		61D1D70622FA400300C87A53 /* blueBell.jpg */ = {isa = PBXFileReference; lastKnownFileType = image.jpeg; path = blueBell.jpg; sourceTree = "<group>"; };
		61D1D70822FA40E000C87A53 /* newNotification.png */ = {isa = PBXFileReference; lastKnownFileType = image.png; path = newNotification.png; sourceTree = "<group>"; };
		61D1D70A22FA427400C87A53 /* notificationBell.png */ = {isa = PBXFileReference; lastKnownFileType = image.png; path = notificationBell.png; sourceTree = "<group>"; };
		61D1D70C22FA4F3E00C87A53 /* appLogo.PNG */ = {isa = PBXFileReference; lastKnownFileType = image.png; path = appLogo.PNG; sourceTree = "<group>"; };
		8FCAFA190FEE2E3A4DE65213 /* Pods_Locate.framework */ = {isa = PBXFileReference; explicitFileType = wrapper.framework; includeInIndex = 0; path = Pods_Locate.framework; sourceTree = BUILT_PRODUCTS_DIR; };
		9CD8B3719C938E4D74F5FFD8 /* Pods_LocateTests.framework */ = {isa = PBXFileReference; explicitFileType = wrapper.framework; includeInIndex = 0; path = Pods_LocateTests.framework; sourceTree = BUILT_PRODUCTS_DIR; };
		BACE7496B908EA1FBEC2E44F /* Pods-Locate.release.xcconfig */ = {isa = PBXFileReference; includeInIndex = 1; lastKnownFileType = text.xcconfig; name = "Pods-Locate.release.xcconfig"; path = "Target Support Files/Pods-Locate/Pods-Locate.release.xcconfig"; sourceTree = "<group>"; };
		CB7BF7AAD4793E30229E6B45 /* Pods-LocateTests.release.xcconfig */ = {isa = PBXFileReference; includeInIndex = 1; lastKnownFileType = text.xcconfig; name = "Pods-LocateTests.release.xcconfig"; path = "Target Support Files/Pods-LocateTests/Pods-LocateTests.release.xcconfig"; sourceTree = "<group>"; };
		E7BA2776FCC187678C955E88 /* Pods-Locate.debug.xcconfig */ = {isa = PBXFileReference; includeInIndex = 1; lastKnownFileType = text.xcconfig; name = "Pods-Locate.debug.xcconfig"; path = "Target Support Files/Pods-Locate/Pods-Locate.debug.xcconfig"; sourceTree = "<group>"; };
/* End PBXFileReference section */

/* Begin PBXFrameworksBuildPhase section */
		6177965422F6485600FB578E /* Frameworks */ = {
			isa = PBXFrameworksBuildPhase;
			buildActionMask = 2147483647;
			files = (
				50124B760763F4B6ACC8002F /* Pods_Locate.framework in Frameworks */,
			);
			runOnlyForDeploymentPostprocessing = 0;
		};
		6177966822F6485900FB578E /* Frameworks */ = {
			isa = PBXFrameworksBuildPhase;
			buildActionMask = 2147483647;
			files = (
				BBBFDF0A374BA5057241CAE9 /* Pods_LocateTests.framework in Frameworks */,
			);
			runOnlyForDeploymentPostprocessing = 0;
		};
		6177967322F6485900FB578E /* Frameworks */ = {
			isa = PBXFrameworksBuildPhase;
			buildActionMask = 2147483647;
			files = (
				83C50060E195A08E6A562966 /* Pods_LocateUITests.framework in Frameworks */,
			);
			runOnlyForDeploymentPostprocessing = 0;
		};
/* End PBXFrameworksBuildPhase section */

/* Begin PBXGroup section */
		6177964E22F6485600FB578E = {
			isa = PBXGroup;
			children = (
				6177965922F6485600FB578E /* Locate */,
				6177966E22F6485900FB578E /* LocateTests */,
				6177967922F6485900FB578E /* LocateUITests */,
				6177965822F6485600FB578E /* Products */,
				7226E3CA034EA0C14DC49B69 /* Pods */,
				8A7E504C924884AEFB38043B /* Frameworks */,
			);
			sourceTree = "<group>";
		};
		6177965822F6485600FB578E /* Products */ = {
			isa = PBXGroup;
			children = (
				6177965722F6485600FB578E /* Locate.app */,
				6177966B22F6485900FB578E /* LocateTests.xctest */,
				6177967622F6485900FB578E /* LocateUITests.xctest */,
			);
			name = Products;
			sourceTree = "<group>";
		};
		6177965922F6485600FB578E /* Locate */ = {
			isa = PBXGroup;
			children = (
				6177965A22F6485600FB578E /* AppDelegate.swift */,
				6177968A22F6546C00FB578E /* SignInViewController.swift */,
				6177968C22F6547B00FB578E /* SignUpViewController.swift */,
				6177965C22F6485600FB578E /* ViewController.swift */,
				6177965E22F6485600FB578E /* Main.storyboard */,
				61D1D70222FA2A5F00C87A53 /* RequestTableViewCell.swift */,
				61D1D70422FA2A7200C87A53 /* RequestViewController.swift */,
				6177969222F7B1CE00FB578E /* SearchFriendsViewController.swift */,
				6177966122F6485900FB578E /* Assets.xcassets */,
				6177966322F6485900FB578E /* LaunchScreen.storyboard */,
				6177966622F6485900FB578E /* Info.plist */,
				6177968822F6538200FB578E /* GoogleService-Info.plist */,
				6177968E22F7A96000FB578E /* GlyphMenu.png */,
				61D1D70622FA400300C87A53 /* blueBell.jpg */,
				6177969022F7A97400FB578E /* profile-img.jpg */,
				61D1D70A22FA427400C87A53 /* notificationBell.png */,
				61D1D70822FA40E000C87A53 /* newNotification.png */,
				61D1D70C22FA4F3E00C87A53 /* appLogo.PNG */,
			);
			path = Locate;
			sourceTree = "<group>";
		};
		6177966E22F6485900FB578E /* LocateTests */ = {
			isa = PBXGroup;
			children = (
				6177966F22F6485900FB578E /* LocateTests.swift */,
				6177967122F6485900FB578E /* Info.plist */,
			);
			path = LocateTests;
			sourceTree = "<group>";
		};
		6177967922F6485900FB578E /* LocateUITests */ = {
			isa = PBXGroup;
			children = (
				6177967A22F6485900FB578E /* LocateUITests.swift */,
				6177967C22F6485900FB578E /* Info.plist */,
			);
			path = LocateUITests;
			sourceTree = "<group>";
		};
		7226E3CA034EA0C14DC49B69 /* Pods */ = {
			isa = PBXGroup;
			children = (
				E7BA2776FCC187678C955E88 /* Pods-Locate.debug.xcconfig */,
				BACE7496B908EA1FBEC2E44F /* Pods-Locate.release.xcconfig */,
				15719AC3E1A41BC9B387D2AB /* Pods-LocateTests.debug.xcconfig */,
				CB7BF7AAD4793E30229E6B45 /* Pods-LocateTests.release.xcconfig */,
				1E637B5190132DCC94467489 /* Pods-LocateUITests.debug.xcconfig */,
				2E753BDB3A198CD713DE9F8B /* Pods-LocateUITests.release.xcconfig */,
			);
			path = Pods;
			sourceTree = "<group>";
		};
		8A7E504C924884AEFB38043B /* Frameworks */ = {
			isa = PBXGroup;
			children = (
				8FCAFA190FEE2E3A4DE65213 /* Pods_Locate.framework */,
				9CD8B3719C938E4D74F5FFD8 /* Pods_LocateTests.framework */,
				5C75D3F38FCD9A3A0F641093 /* Pods_LocateUITests.framework */,
			);
			name = Frameworks;
			sourceTree = "<group>";
		};
/* End PBXGroup section */

/* Begin PBXNativeTarget section */
		6177965622F6485600FB578E /* Locate */ = {
			isa = PBXNativeTarget;
			buildConfigurationList = 6177967F22F6485900FB578E /* Build configuration list for PBXNativeTarget "Locate" */;
			buildPhases = (
				F307FE88821FAC931E0BDB32 /* [CP] Check Pods Manifest.lock */,
				6177965322F6485600FB578E /* Sources */,
				6177965422F6485600FB578E /* Frameworks */,
				6177965522F6485600FB578E /* Resources */,
				5DC45AABCC9F6D69816583FC /* [CP] Embed Pods Frameworks */,
			);
			buildRules = (
			);
			dependencies = (
			);
			name = Locate;
			productName = Locate;
			productReference = 6177965722F6485600FB578E /* Locate.app */;
			productType = "com.apple.product-type.application";
		};
		6177966A22F6485900FB578E /* LocateTests */ = {
			isa = PBXNativeTarget;
			buildConfigurationList = 6177968222F6485900FB578E /* Build configuration list for PBXNativeTarget "LocateTests" */;
			buildPhases = (
				CA7E5DD2B4E709EAE62C45B7 /* [CP] Check Pods Manifest.lock */,
				6177966722F6485900FB578E /* Sources */,
				6177966822F6485900FB578E /* Frameworks */,
				6177966922F6485900FB578E /* Resources */,
			);
			buildRules = (
			);
			dependencies = (
				6177966D22F6485900FB578E /* PBXTargetDependency */,
			);
			name = LocateTests;
			productName = LocateTests;
			productReference = 6177966B22F6485900FB578E /* LocateTests.xctest */;
			productType = "com.apple.product-type.bundle.unit-test";
		};
		6177967522F6485900FB578E /* LocateUITests */ = {
			isa = PBXNativeTarget;
			buildConfigurationList = 6177968522F6485900FB578E /* Build configuration list for PBXNativeTarget "LocateUITests" */;
			buildPhases = (
				BE15190CCF96863DA56ADA93 /* [CP] Check Pods Manifest.lock */,
				6177967222F6485900FB578E /* Sources */,
				6177967322F6485900FB578E /* Frameworks */,
				6177967422F6485900FB578E /* Resources */,
			);
			buildRules = (
			);
			dependencies = (
				6177967822F6485900FB578E /* PBXTargetDependency */,
			);
			name = LocateUITests;
			productName = LocateUITests;
			productReference = 6177967622F6485900FB578E /* LocateUITests.xctest */;
			productType = "com.apple.product-type.bundle.ui-testing";
		};
/* End PBXNativeTarget section */

/* Begin PBXProject section */
		6177964F22F6485600FB578E /* Project object */ = {
			isa = PBXProject;
			attributes = {
				LastSwiftUpdateCheck = 1030;
				LastUpgradeCheck = 1030;
				ORGANIZATIONNAME = "Paul Ter";
				TargetAttributes = {
					6177965622F6485600FB578E = {
						CreatedOnToolsVersion = 10.3;
					};
					6177966A22F6485900FB578E = {
						CreatedOnToolsVersion = 10.3;
						TestTargetID = 6177965622F6485600FB578E;
					};
					6177967522F6485900FB578E = {
						CreatedOnToolsVersion = 10.3;
						TestTargetID = 6177965622F6485600FB578E;
					};
				};
			};
			buildConfigurationList = 6177965222F6485600FB578E /* Build configuration list for PBXProject "Locate" */;
			compatibilityVersion = "Xcode 9.3";
			developmentRegion = en;
			hasScannedForEncodings = 0;
			knownRegions = (
				en,
				Base,
			);
			mainGroup = 6177964E22F6485600FB578E;
			productRefGroup = 6177965822F6485600FB578E /* Products */;
			projectDirPath = "";
			projectRoot = "";
			targets = (
				6177965622F6485600FB578E /* Locate */,
				6177966A22F6485900FB578E /* LocateTests */,
				6177967522F6485900FB578E /* LocateUITests */,
			);
		};
/* End PBXProject section */

/* Begin PBXResourcesBuildPhase section */
		6177965522F6485600FB578E /* Resources */ = {
			isa = PBXResourcesBuildPhase;
			buildActionMask = 2147483647;
			files = (
				6177968F22F7A96100FB578E /* GlyphMenu.png in Resources */,
				6177966522F6485900FB578E /* LaunchScreen.storyboard in Resources */,
				6177968922F6538200FB578E /* GoogleService-Info.plist in Resources */,
				61D1D70B22FA427500C87A53 /* notificationBell.png in Resources */,
				61D1D70D22FA4F3E00C87A53 /* appLogo.PNG in Resources */,
				6177966222F6485900FB578E /* Assets.xcassets in Resources */,
				6177966022F6485600FB578E /* Main.storyboard in Resources */,
				61D1D70722FA400300C87A53 /* blueBell.jpg in Resources */,
				6177969122F7A97400FB578E /* profile-img.jpg in Resources */,
				61D1D70922FA40E000C87A53 /* newNotification.png in Resources */,
			);
			runOnlyForDeploymentPostprocessing = 0;
		};
		6177966922F6485900FB578E /* Resources */ = {
			isa = PBXResourcesBuildPhase;
			buildActionMask = 2147483647;
			files = (
			);
			runOnlyForDeploymentPostprocessing = 0;
		};
		6177967422F6485900FB578E /* Resources */ = {
			isa = PBXResourcesBuildPhase;
			buildActionMask = 2147483647;
			files = (
			);
			runOnlyForDeploymentPostprocessing = 0;
		};
/* End PBXResourcesBuildPhase section */

/* Begin PBXShellScriptBuildPhase section */
		5DC45AABCC9F6D69816583FC /* [CP] Embed Pods Frameworks */ = {
			isa = PBXShellScriptBuildPhase;
			buildActionMask = 2147483647;
			files = (
			);
			inputFileListPaths = (
			);
			inputPaths = (
				"${PODS_ROOT}/Target Support Files/Pods-Locate/Pods-Locate-frameworks.sh",
				"${BUILT_PRODUCTS_DIR}/GTMSessionFetcher/GTMSessionFetcher.framework",
				"${BUILT_PRODUCTS_DIR}/GoogleUtilities/GoogleUtilities.framework",
				"${BUILT_PRODUCTS_DIR}/leveldb-library/leveldb.framework",
				"${BUILT_PRODUCTS_DIR}/nanopb/nanopb.framework",
			);
			name = "[CP] Embed Pods Frameworks";
			outputFileListPaths = (
			);
			outputPaths = (
				"${TARGET_BUILD_DIR}/${FRAMEWORKS_FOLDER_PATH}/GTMSessionFetcher.framework",
				"${TARGET_BUILD_DIR}/${FRAMEWORKS_FOLDER_PATH}/GoogleUtilities.framework",
				"${TARGET_BUILD_DIR}/${FRAMEWORKS_FOLDER_PATH}/leveldb.framework",
				"${TARGET_BUILD_DIR}/${FRAMEWORKS_FOLDER_PATH}/nanopb.framework",
			);
			runOnlyForDeploymentPostprocessing = 0;
			shellPath = /bin/sh;
			shellScript = "\"${PODS_ROOT}/Target Support Files/Pods-Locate/Pods-Locate-frameworks.sh\"\n";
			showEnvVarsInLog = 0;
		};
		BE15190CCF96863DA56ADA93 /* [CP] Check Pods Manifest.lock */ = {
			isa = PBXShellScriptBuildPhase;
			buildActionMask = 2147483647;
			files = (
			);
			inputFileListPaths = (
			);
			inputPaths = (
				"${PODS_PODFILE_DIR_PATH}/Podfile.lock",
				"${PODS_ROOT}/Manifest.lock",
			);
			name = "[CP] Check Pods Manifest.lock";
			outputFileListPaths = (
			);
			outputPaths = (
				"$(DERIVED_FILE_DIR)/Pods-LocateUITests-checkManifestLockResult.txt",
			);
			runOnlyForDeploymentPostprocessing = 0;
			shellPath = /bin/sh;
			shellScript = "diff \"${PODS_PODFILE_DIR_PATH}/Podfile.lock\" \"${PODS_ROOT}/Manifest.lock\" > /dev/null\nif [ $? != 0 ] ; then\n    # print error to STDERR\n    echo \"error: The sandbox is not in sync with the Podfile.lock. Run 'pod install' or update your CocoaPods installation.\" >&2\n    exit 1\nfi\n# This output is used by Xcode 'outputs' to avoid re-running this script phase.\necho \"SUCCESS\" > \"${SCRIPT_OUTPUT_FILE_0}\"\n";
			showEnvVarsInLog = 0;
		};
		CA7E5DD2B4E709EAE62C45B7 /* [CP] Check Pods Manifest.lock */ = {
			isa = PBXShellScriptBuildPhase;
			buildActionMask = 2147483647;
			files = (
			);
			inputFileListPaths = (
			);
			inputPaths = (
				"${PODS_PODFILE_DIR_PATH}/Podfile.lock",
				"${PODS_ROOT}/Manifest.lock",
			);
			name = "[CP] Check Pods Manifest.lock";
			outputFileListPaths = (
			);
			outputPaths = (
				"$(DERIVED_FILE_DIR)/Pods-LocateTests-checkManifestLockResult.txt",
			);
			runOnlyForDeploymentPostprocessing = 0;
			shellPath = /bin/sh;
			shellScript = "diff \"${PODS_PODFILE_DIR_PATH}/Podfile.lock\" \"${PODS_ROOT}/Manifest.lock\" > /dev/null\nif [ $? != 0 ] ; then\n    # print error to STDERR\n    echo \"error: The sandbox is not in sync with the Podfile.lock. Run 'pod install' or update your CocoaPods installation.\" >&2\n    exit 1\nfi\n# This output is used by Xcode 'outputs' to avoid re-running this script phase.\necho \"SUCCESS\" > \"${SCRIPT_OUTPUT_FILE_0}\"\n";
			showEnvVarsInLog = 0;
		};
		F307FE88821FAC931E0BDB32 /* [CP] Check Pods Manifest.lock */ = {
			isa = PBXShellScriptBuildPhase;
			buildActionMask = 2147483647;
			files = (
			);
			inputFileListPaths = (
			);
			inputPaths = (
				"${PODS_PODFILE_DIR_PATH}/Podfile.lock",
				"${PODS_ROOT}/Manifest.lock",
			);
			name = "[CP] Check Pods Manifest.lock";
			outputFileListPaths = (
			);
			outputPaths = (
				"$(DERIVED_FILE_DIR)/Pods-Locate-checkManifestLockResult.txt",
			);
			runOnlyForDeploymentPostprocessing = 0;
			shellPath = /bin/sh;
			shellScript = "diff \"${PODS_PODFILE_DIR_PATH}/Podfile.lock\" \"${PODS_ROOT}/Manifest.lock\" > /dev/null\nif [ $? != 0 ] ; then\n    # print error to STDERR\n    echo \"error: The sandbox is not in sync with the Podfile.lock. Run 'pod install' or update your CocoaPods installation.\" >&2\n    exit 1\nfi\n# This output is used by Xcode 'outputs' to avoid re-running this script phase.\necho \"SUCCESS\" > \"${SCRIPT_OUTPUT_FILE_0}\"\n";
			showEnvVarsInLog = 0;
		};
/* End PBXShellScriptBuildPhase section */

/* Begin PBXSourcesBuildPhase section */
		6177965322F6485600FB578E /* Sources */ = {
			isa = PBXSourcesBuildPhase;
			buildActionMask = 2147483647;
			files = (
				6177965D22F6485600FB578E /* ViewController.swift in Sources */,
				6177965B22F6485600FB578E /* AppDelegate.swift in Sources */,
				61D1D70522FA2A7200C87A53 /* RequestViewController.swift in Sources */,
				6177968D22F6547B00FB578E /* SignUpViewController.swift in Sources */,
				6177969322F7B1CE00FB578E /* SearchFriendsViewController.swift in Sources */,
				6177968B22F6546C00FB578E /* SignInViewController.swift in Sources */,
				61D1D70322FA2A5F00C87A53 /* RequestTableViewCell.swift in Sources */,
			);
			runOnlyForDeploymentPostprocessing = 0;
		};
		6177966722F6485900FB578E /* Sources */ = {
			isa = PBXSourcesBuildPhase;
			buildActionMask = 2147483647;
			files = (
				6177967022F6485900FB578E /* LocateTests.swift in Sources */,
			);
			runOnlyForDeploymentPostprocessing = 0;
		};
		6177967222F6485900FB578E /* Sources */ = {
			isa = PBXSourcesBuildPhase;
			buildActionMask = 2147483647;
			files = (
				6177967B22F6485900FB578E /* LocateUITests.swift in Sources */,
			);
			runOnlyForDeploymentPostprocessing = 0;
		};
/* End PBXSourcesBuildPhase section */

/* Begin PBXTargetDependency section */
		6177966D22F6485900FB578E /* PBXTargetDependency */ = {
			isa = PBXTargetDependency;
			target = 6177965622F6485600FB578E /* Locate */;
			targetProxy = 6177966C22F6485900FB578E /* PBXContainerItemProxy */;
		};
		6177967822F6485900FB578E /* PBXTargetDependency */ = {
			isa = PBXTargetDependency;
			target = 6177965622F6485600FB578E /* Locate */;
			targetProxy = 6177967722F6485900FB578E /* PBXContainerItemProxy */;
		};
/* End PBXTargetDependency section */

/* Begin PBXVariantGroup section */
		6177965E22F6485600FB578E /* Main.storyboard */ = {
			isa = PBXVariantGroup;
			children = (
				6177965F22F6485600FB578E /* Base */,
			);
			name = Main.storyboard;
			sourceTree = "<group>";
		};
		6177966322F6485900FB578E /* LaunchScreen.storyboard */ = {
			isa = PBXVariantGroup;
			children = (
				6177966422F6485900FB578E /* Base */,
			);
			name = LaunchScreen.storyboard;
			sourceTree = "<group>";
		};
/* End PBXVariantGroup section */

/* Begin XCBuildConfiguration section */
		6177967D22F6485900FB578E /* Debug */ = {
			isa = XCBuildConfiguration;
			buildSettings = {
				ALWAYS_SEARCH_USER_PATHS = NO;
				CLANG_ANALYZER_NONNULL = YES;
				CLANG_ANALYZER_NUMBER_OBJECT_CONVERSION = YES_AGGRESSIVE;
				CLANG_CXX_LANGUAGE_STANDARD = "gnu++14";
				CLANG_CXX_LIBRARY = "libc++";
				CLANG_ENABLE_MODULES = YES;
				CLANG_ENABLE_OBJC_ARC = YES;
				CLANG_ENABLE_OBJC_WEAK = YES;
				CLANG_WARN_BLOCK_CAPTURE_AUTORELEASING = YES;
				CLANG_WARN_BOOL_CONVERSION = YES;
				CLANG_WARN_COMMA = YES;
				CLANG_WARN_CONSTANT_CONVERSION = YES;
				CLANG_WARN_DEPRECATED_OBJC_IMPLEMENTATIONS = YES;
				CLANG_WARN_DIRECT_OBJC_ISA_USAGE = YES_ERROR;
				CLANG_WARN_DOCUMENTATION_COMMENTS = YES;
				CLANG_WARN_EMPTY_BODY = YES;
				CLANG_WARN_ENUM_CONVERSION = YES;
				CLANG_WARN_INFINITE_RECURSION = YES;
				CLANG_WARN_INT_CONVERSION = YES;
				CLANG_WARN_NON_LITERAL_NULL_CONVERSION = YES;
				CLANG_WARN_OBJC_IMPLICIT_RETAIN_SELF = YES;
				CLANG_WARN_OBJC_LITERAL_CONVERSION = YES;
				CLANG_WARN_OBJC_ROOT_CLASS = YES_ERROR;
				CLANG_WARN_RANGE_LOOP_ANALYSIS = YES;
				CLANG_WARN_STRICT_PROTOTYPES = YES;
				CLANG_WARN_SUSPICIOUS_MOVE = YES;
				CLANG_WARN_UNGUARDED_AVAILABILITY = YES_AGGRESSIVE;
				CLANG_WARN_UNREACHABLE_CODE = YES;
				CLANG_WARN__DUPLICATE_METHOD_MATCH = YES;
				CODE_SIGN_IDENTITY = "iPhone Developer";
				COPY_PHASE_STRIP = NO;
				DEBUG_INFORMATION_FORMAT = dwarf;
				ENABLE_STRICT_OBJC_MSGSEND = YES;
				ENABLE_TESTABILITY = YES;
				GCC_C_LANGUAGE_STANDARD = gnu11;
				GCC_DYNAMIC_NO_PIC = NO;
				GCC_NO_COMMON_BLOCKS = YES;
				GCC_OPTIMIZATION_LEVEL = 0;
				GCC_PREPROCESSOR_DEFINITIONS = (
					"DEBUG=1",
					"$(inherited)",
				);
				GCC_WARN_64_TO_32_BIT_CONVERSION = YES;
				GCC_WARN_ABOUT_RETURN_TYPE = YES_ERROR;
				GCC_WARN_UNDECLARED_SELECTOR = YES;
				GCC_WARN_UNINITIALIZED_AUTOS = YES_AGGRESSIVE;
				GCC_WARN_UNUSED_FUNCTION = YES;
				GCC_WARN_UNUSED_VARIABLE = YES;
				IPHONEOS_DEPLOYMENT_TARGET = 12.4;
				MTL_ENABLE_DEBUG_INFO = INCLUDE_SOURCE;
				MTL_FAST_MATH = YES;
				ONLY_ACTIVE_ARCH = YES;
				SDKROOT = iphoneos;
				SWIFT_ACTIVE_COMPILATION_CONDITIONS = DEBUG;
				SWIFT_OPTIMIZATION_LEVEL = "-Onone";
			};
			name = Debug;
		};
		6177967E22F6485900FB578E /* Release */ = {
			isa = XCBuildConfiguration;
			buildSettings = {
				ALWAYS_SEARCH_USER_PATHS = NO;
				CLANG_ANALYZER_NONNULL = YES;
				CLANG_ANALYZER_NUMBER_OBJECT_CONVERSION = YES_AGGRESSIVE;
				CLANG_CXX_LANGUAGE_STANDARD = "gnu++14";
				CLANG_CXX_LIBRARY = "libc++";
				CLANG_ENABLE_MODULES = YES;
				CLANG_ENABLE_OBJC_ARC = YES;
				CLANG_ENABLE_OBJC_WEAK = YES;
				CLANG_WARN_BLOCK_CAPTURE_AUTORELEASING = YES;
				CLANG_WARN_BOOL_CONVERSION = YES;
				CLANG_WARN_COMMA = YES;
				CLANG_WARN_CONSTANT_CONVERSION = YES;
				CLANG_WARN_DEPRECATED_OBJC_IMPLEMENTATIONS = YES;
				CLANG_WARN_DIRECT_OBJC_ISA_USAGE = YES_ERROR;
				CLANG_WARN_DOCUMENTATION_COMMENTS = YES;
				CLANG_WARN_EMPTY_BODY = YES;
				CLANG_WARN_ENUM_CONVERSION = YES;
				CLANG_WARN_INFINITE_RECURSION = YES;
				CLANG_WARN_INT_CONVERSION = YES;
				CLANG_WARN_NON_LITERAL_NULL_CONVERSION = YES;
				CLANG_WARN_OBJC_IMPLICIT_RETAIN_SELF = YES;
				CLANG_WARN_OBJC_LITERAL_CONVERSION = YES;
				CLANG_WARN_OBJC_ROOT_CLASS = YES_ERROR;
				CLANG_WARN_RANGE_LOOP_ANALYSIS = YES;
				CLANG_WARN_STRICT_PROTOTYPES = YES;
				CLANG_WARN_SUSPICIOUS_MOVE = YES;
				CLANG_WARN_UNGUARDED_AVAILABILITY = YES_AGGRESSIVE;
				CLANG_WARN_UNREACHABLE_CODE = YES;
				CLANG_WARN__DUPLICATE_METHOD_MATCH = YES;
				CODE_SIGN_IDENTITY = "iPhone Developer";
				COPY_PHASE_STRIP = NO;
				DEBUG_INFORMATION_FORMAT = "dwarf-with-dsym";
				ENABLE_NS_ASSERTIONS = NO;
				ENABLE_STRICT_OBJC_MSGSEND = YES;
				GCC_C_LANGUAGE_STANDARD = gnu11;
				GCC_NO_COMMON_BLOCKS = YES;
				GCC_WARN_64_TO_32_BIT_CONVERSION = YES;
				GCC_WARN_ABOUT_RETURN_TYPE = YES_ERROR;
				GCC_WARN_UNDECLARED_SELECTOR = YES;
				GCC_WARN_UNINITIALIZED_AUTOS = YES_AGGRESSIVE;
				GCC_WARN_UNUSED_FUNCTION = YES;
				GCC_WARN_UNUSED_VARIABLE = YES;
				IPHONEOS_DEPLOYMENT_TARGET = 12.4;
				MTL_ENABLE_DEBUG_INFO = NO;
				MTL_FAST_MATH = YES;
				SDKROOT = iphoneos;
				SWIFT_COMPILATION_MODE = wholemodule;
				SWIFT_OPTIMIZATION_LEVEL = "-O";
				VALIDATE_PRODUCT = YES;
			};
			name = Release;
		};
		6177968022F6485900FB578E /* Debug */ = {
			isa = XCBuildConfiguration;
			baseConfigurationReference = E7BA2776FCC187678C955E88 /* Pods-Locate.debug.xcconfig */;
			buildSettings = {
				ASSETCATALOG_COMPILER_APPICON_NAME = AppIcon;
				CODE_SIGN_STYLE = Automatic;
				DEVELOPMENT_TEAM = 3XXU279MN2;
				INFOPLIST_FILE = Locate/Info.plist;
				IPHONEOS_DEPLOYMENT_TARGET = 12.0;
				LD_RUNPATH_SEARCH_PATHS = (
					"$(inherited)",
					"@executable_path/Frameworks",
				);
				PRODUCT_BUNDLE_IDENTIFIER = com.ter.Locate;
				PRODUCT_NAME = "$(TARGET_NAME)";
				SWIFT_VERSION = 5.0;
				TARGETED_DEVICE_FAMILY = 1;
			};
			name = Debug;
		};
		6177968122F6485900FB578E /* Release */ = {
			isa = XCBuildConfiguration;
			baseConfigurationReference = BACE7496B908EA1FBEC2E44F /* Pods-Locate.release.xcconfig */;
			buildSettings = {
				ASSETCATALOG_COMPILER_APPICON_NAME = AppIcon;
				CODE_SIGN_STYLE = Automatic;
				DEVELOPMENT_TEAM = 3XXU279MN2;
				INFOPLIST_FILE = Locate/Info.plist;
				IPHONEOS_DEPLOYMENT_TARGET = 12.0;
				LD_RUNPATH_SEARCH_PATHS = (
					"$(inherited)",
					"@executable_path/Frameworks",
				);
				PRODUCT_BUNDLE_IDENTIFIER = com.ter.Locate;
				PRODUCT_NAME = "$(TARGET_NAME)";
				SWIFT_VERSION = 5.0;
				TARGETED_DEVICE_FAMILY = 1;
			};
			name = Release;
		};
		6177968322F6485900FB578E /* Debug */ = {
			isa = XCBuildConfiguration;
			baseConfigurationReference = 15719AC3E1A41BC9B387D2AB /* Pods-LocateTests.debug.xcconfig */;
			buildSettings = {
				ALWAYS_EMBED_SWIFT_STANDARD_LIBRARIES = YES;
				BUNDLE_LOADER = "$(TEST_HOST)";
				CODE_SIGN_STYLE = Automatic;
				DEVELOPMENT_TEAM = 3XXU279MN2;
				INFOPLIST_FILE = LocateTests/Info.plist;
				LD_RUNPATH_SEARCH_PATHS = (
					"$(inherited)",
					"@executable_path/Frameworks",
					"@loader_path/Frameworks",
				);
				PRODUCT_BUNDLE_IDENTIFIER = com.ter.LocateTests;
				PRODUCT_NAME = "$(TARGET_NAME)";
				SWIFT_VERSION = 5.0;
				TARGETED_DEVICE_FAMILY = "1,2";
				TEST_HOST = "$(BUILT_PRODUCTS_DIR)/Locate.app/Locate";
			};
			name = Debug;
		};
		6177968422F6485900FB578E /* Release */ = {
			isa = XCBuildConfiguration;
			baseConfigurationReference = CB7BF7AAD4793E30229E6B45 /* Pods-LocateTests.release.xcconfig */;
			buildSettings = {
				ALWAYS_EMBED_SWIFT_STANDARD_LIBRARIES = YES;
				BUNDLE_LOADER = "$(TEST_HOST)";
				CODE_SIGN_STYLE = Automatic;
				DEVELOPMENT_TEAM = 3XXU279MN2;
				INFOPLIST_FILE = LocateTests/Info.plist;
				LD_RUNPATH_SEARCH_PATHS = (
					"$(inherited)",
					"@executable_path/Frameworks",
					"@loader_path/Frameworks",
				);
				PRODUCT_BUNDLE_IDENTIFIER = com.ter.LocateTests;
				PRODUCT_NAME = "$(TARGET_NAME)";
				SWIFT_VERSION = 5.0;
				TARGETED_DEVICE_FAMILY = "1,2";
				TEST_HOST = "$(BUILT_PRODUCTS_DIR)/Locate.app/Locate";
			};
			name = Release;
		};
		6177968622F6485900FB578E /* Debug */ = {
			isa = XCBuildConfiguration;
			baseConfigurationReference = 1E637B5190132DCC94467489 /* Pods-LocateUITests.debug.xcconfig */;
			buildSettings = {
				ALWAYS_EMBED_SWIFT_STANDARD_LIBRARIES = YES;
				CODE_SIGN_STYLE = Automatic;
				DEVELOPMENT_TEAM = 3XXU279MN2;
				INFOPLIST_FILE = LocateUITests/Info.plist;
				LD_RUNPATH_SEARCH_PATHS = (
					"$(inherited)",
					"@executable_path/Frameworks",
					"@loader_path/Frameworks",
				);
				PRODUCT_BUNDLE_IDENTIFIER = com.ter.LocateUITests;
				PRODUCT_NAME = "$(TARGET_NAME)";
				SWIFT_VERSION = 5.0;
				TARGETED_DEVICE_FAMILY = "1,2";
				TEST_TARGET_NAME = Locate;
			};
			name = Debug;
		};
		6177968722F6485900FB578E /* Release */ = {
			isa = XCBuildConfiguration;
			baseConfigurationReference = 2E753BDB3A198CD713DE9F8B /* Pods-LocateUITests.release.xcconfig */;
			buildSettings = {
				ALWAYS_EMBED_SWIFT_STANDARD_LIBRARIES = YES;
				CODE_SIGN_STYLE = Automatic;
				DEVELOPMENT_TEAM = 3XXU279MN2;
				INFOPLIST_FILE = LocateUITests/Info.plist;
				LD_RUNPATH_SEARCH_PATHS = (
					"$(inherited)",
					"@executable_path/Frameworks",
					"@loader_path/Frameworks",
				);
				PRODUCT_BUNDLE_IDENTIFIER = com.ter.LocateUITests;
				PRODUCT_NAME = "$(TARGET_NAME)";
				SWIFT_VERSION = 5.0;
				TARGETED_DEVICE_FAMILY = "1,2";
				TEST_TARGET_NAME = Locate;
			};
			name = Release;
		};
/* End XCBuildConfiguration section */

/* Begin XCConfigurationList section */
		6177965222F6485600FB578E /* Build configuration list for PBXProject "Locate" */ = {
			isa = XCConfigurationList;
			buildConfigurations = (
				6177967D22F6485900FB578E /* Debug */,
				6177967E22F6485900FB578E /* Release */,
			);
			defaultConfigurationIsVisible = 0;
			defaultConfigurationName = Release;
		};
		6177967F22F6485900FB578E /* Build configuration list for PBXNativeTarget "Locate" */ = {
			isa = XCConfigurationList;
			buildConfigurations = (
				6177968022F6485900FB578E /* Debug */,
				6177968122F6485900FB578E /* Release */,
			);
			defaultConfigurationIsVisible = 0;
			defaultConfigurationName = Release;
		};
		6177968222F6485900FB578E /* Build configuration list for PBXNativeTarget "LocateTests" */ = {
			isa = XCConfigurationList;
			buildConfigurations = (
				6177968322F6485900FB578E /* Debug */,
				6177968422F6485900FB578E /* Release */,
			);
			defaultConfigurationIsVisible = 0;
			defaultConfigurationName = Release;
		};
		6177968522F6485900FB578E /* Build configuration list for PBXNativeTarget "LocateUITests" */ = {
			isa = XCConfigurationList;
			buildConfigurations = (
				6177968622F6485900FB578E /* Debug */,
				6177968722F6485900FB578E /* Release */,
			);
			defaultConfigurationIsVisible = 0;
			defaultConfigurationName = Release;
		};
/* End XCConfigurationList section */
	};
	rootObject = 6177964F22F6485600FB578E /* Project object */;
}
